
Microsoft Visual Studio Solution File, Format Version 12.00
# Visual Studio Version 17
VisualStudioVersion = 17.3.32901.215
MinimumVisualStudioVersion = 10.0.40219.1
Project("{FAE04EC0-301F-11D3-BF4B-00C04F79EFBC}") = "Lab4Vector", "Lab4Vector\Lab4Vector.csproj", "{2E63C38C-99B3-4911-9630-D8652E9F60E5}"
EndProject
Project("{FAE04EC0-301F-11D3-BF4B-00C04F79EFBC}") = "LinearAlgebra", "LinearAlgebra\LinearAlgebra.csproj", "{B1CA4E1F-EB10-48EB-AF4F-40FCFC48F277}"
EndProject
Global
	GlobalSection(SolutionConfigurationPlatforms) = preSolution
		Debug|Any CPU = Debug|Any CPU
		Release|Any CPU = Release|Any CPU
	EndGlobalSection
	GlobalSection(ProjectConfigurationPlatforms) = postSolution
		{2E63C38C-99B3-4911-9630-D8652E9F60E5}.Debug|Any CPU.ActiveCfg = Debug|Any CPU
		{2E63C38C-99B3-4911-9630-D8652E9F60E5}.Debug|Any CPU.Build.0 = Debug|Any CPU
		{2E63C38C-99B3-4911-9630-D8652E9F60E5}.Release|Any CPU.ActiveCfg = Release|Any CPU
		{2E63C38C-99B3-4911-9630-D8652E9F60E5}.Release|Any CPU.Build.0 = Release|Any CPU
		{B1CA4E1F-EB10-48EB-AF4F-40FCFC48F277}.Debug|Any CPU.ActiveCfg = Debug|Any CPU
		{B1CA4E1F-EB10-48EB-AF4F-40FCFC48F277}.Debug|Any CPU.Build.0 = Debug|Any CPU
		{B1CA4E1F-EB10-48EB-AF4F-40FCFC48F277}.Release|Any CPU.ActiveCfg = Release|Any CPU
		{B1CA4E1F-EB10-48EB-AF4F-40FCFC48F277}.Release|Any CPU.Build.0 = Release|Any CPU
	EndGlobalSection
	GlobalSection(SolutionProperties) = preSolution
		HideSolutionNode = FALSE
	EndGlobalSection
	GlobalSection(ExtensibilityGlobals) = postSolution
		SolutionGuid = {D77BFDBB-8B49-462F-879F-3CE9B4D39ECC}
	EndGlobalSection
EndGlobal
